
Microsoft Visual Studio Solution File, Format Version 12.00
# Visual Studio Version 17
VisualStudioVersion = 17.3.32825.248
MinimumVisualStudioVersion = 10.0.40219.1
Project("{9A19103F-16F7-4668-BE54-9A1E7A4F7556}") = "AdminPanel", "DictMVVM\AdminPanel.csproj", "{DBA54E35-ACDF-4B39-9C0D-15161CB44634}"
EndProject
Global
	GlobalSection(SolutionConfigurationPlatforms) = preSolution
		Debug|Any CPU = Debug|Any CPU
		Release|Any CPU = Release|Any CPU
	EndGlobalSection
	GlobalSection(ProjectConfigurationPlatforms) = postSolution
		{DBA54E35-ACDF-4B39-9C0D-15161CB44634}.Debug|Any CPU.ActiveCfg = Debug|Any CPU
		{DBA54E35-ACDF-4B39-9C0D-15161CB44634}.Debug|Any CPU.Build.0 = Debug|Any CPU
		{DBA54E35-ACDF-4B39-9C0D-15161CB44634}.Release|Any CPU.ActiveCfg = Release|Any CPU
		{DBA54E35-ACDF-4B39-9C0D-15161CB44634}.Release|Any CPU.Build.0 = Release|Any CPU
	EndGlobalSection
	GlobalSection(SolutionProperties) = preSolution
		HideSolutionNode = FALSE
	EndGlobalSection
	GlobalSection(ExtensibilityGlobals) = postSolution
		SolutionGuid = {D6802CFD-E3F5-4B32-8F5B-83B8A32ABED8}
	EndGlobalSection
EndGlobal
